
Microsoft Visual Studio Solution File, Format Version 12.00
# Visual Studio Version 17
VisualStudioVersion = 17.13.35931.197 d17.13
MinimumVisualStudioVersion = 10.0.40219.1
Project("{FAE04EC0-301F-11D3-BF4B-00C04F79EFBC}") = "NewEquipmentManagement.ConsoleApp", "NewEquipmentManagement.ConsoleApp\NewEquipmentManagement.ConsoleApp.csproj", "{00086A60-97BC-44D3-9644-7FE503B3CF54}"
EndProject
Global
	GlobalSection(SolutionConfigurationPlatforms) = preSolution
		Debug|Any CPU = Debug|Any CPU
		Release|Any CPU = Release|Any CPU
	EndGlobalSection
	GlobalSection(ProjectConfigurationPlatforms) = postSolution
		{00086A60-97BC-44D3-9644-7FE503B3CF54}.Debug|Any CPU.ActiveCfg = Debug|Any CPU
		{00086A60-97BC-44D3-9644-7FE503B3CF54}.Debug|Any CPU.Build.0 = Debug|Any CPU
		{00086A60-97BC-44D3-9644-7FE503B3CF54}.Release|Any CPU.ActiveCfg = Release|Any CPU
		{00086A60-97BC-44D3-9644-7FE503B3CF54}.Release|Any CPU.Build.0 = Release|Any CPU
	EndGlobalSection
	GlobalSection(SolutionProperties) = preSolution
		HideSolutionNode = FALSE
	EndGlobalSection
	GlobalSection(ExtensibilityGlobals) = postSolution
		SolutionGuid = {6D102E40-401C-4F11-9F7B-2E4C0468FB88}
	EndGlobalSection
EndGlobal
